// !$*UTF8*$!
{
	archiveVersion = 1;
	classes = {
	};
	objectVersion = 46;
	objects = {

/* Begin PBXBuildFile section */
		FBDF976E151D0EA300B93572 /* UIKit.framework in Frameworks */ = {isa = PBXBuildFile; fileRef = FBDF976D151D0EA300B93572 /* UIKit.framework */; };
		FBDF9775151D0F4B00B93572 /* MOUtility.h in Headers */ = {isa = PBXBuildFile; fileRef = FBDF9773151D0F4B00B93572 /* MOUtility.h */; };
		FBDF9776151D0F4B00B93572 /* MOUtility.m in Sources */ = {isa = PBXBuildFile; fileRef = FBDF9774151D0F4B00B93572 /* MOUtility.m */; };
		FBED7736151D00B600E7A5D1 /* Foundation.framework in Frameworks */ = {isa = PBXBuildFile; fileRef = FBED7735151D00B600E7A5D1 /* Foundation.framework */; };
		FBED7749151D020D00E7A5D1 /* CustomBadge.h in Headers */ = {isa = PBXBuildFile; fileRef = FBED7747151D020D00E7A5D1 /* CustomBadge.h */; };
		FBED774A151D020D00E7A5D1 /* CustomBadge.m in Sources */ = {isa = PBXBuildFile; fileRef = FBED7748151D020D00E7A5D1 /* CustomBadge.m */; };
		FBED7750151D022900E7A5D1 /* MOButton.h in Headers */ = {isa = PBXBuildFile; fileRef = FBED774C151D022900E7A5D1 /* MOButton.h */; };
		FBED7751151D022900E7A5D1 /* MOButton.m in Sources */ = {isa = PBXBuildFile; fileRef = FBED774D151D022900E7A5D1 /* MOButton.m */; };
		FBED7752151D022900E7A5D1 /* MOGlassButton.h in Headers */ = {isa = PBXBuildFile; fileRef = FBED774E151D022900E7A5D1 /* MOGlassButton.h */; };
		FBED7753151D022900E7A5D1 /* MOGlassButton.m in Sources */ = {isa = PBXBuildFile; fileRef = FBED774F151D022900E7A5D1 /* MOGlassButton.m */; };
		FBED7757151D024000E7A5D1 /* iCarousel.h in Headers */ = {isa = PBXBuildFile; fileRef = FBED7755151D024000E7A5D1 /* iCarousel.h */; };
		FBED7758151D024000E7A5D1 /* iCarousel.m in Sources */ = {isa = PBXBuildFile; fileRef = FBED7756151D024000E7A5D1 /* iCarousel.m */; };
/* End PBXBuildFile section */

/* Begin PBXFileReference section */
		FBDF976D151D0EA300B93572 /* UIKit.framework */ = {isa = PBXFileReference; lastKnownFileType = wrapper.framework; name = UIKit.framework; path = System/Library/Frameworks/UIKit.framework; sourceTree = SDKROOT; };
		FBDF9773151D0F4B00B93572 /* MOUtility.h */ = {isa = PBXFileReference; fileEncoding = 4; lastKnownFileType = sourcecode.c.h; name = MOUtility.h; path = MOCommon/MOUtility.h; sourceTree = "<group>"; };
		FBDF9774151D0F4B00B93572 /* MOUtility.m */ = {isa = PBXFileReference; fileEncoding = 4; lastKnownFileType = sourcecode.c.objc; name = MOUtility.m; path = MOCommon/MOUtility.m; sourceTree = "<group>"; };
		FBED7732151D00B600E7A5D1 /* libUIAdditions.a */ = {isa = PBXFileReference; explicitFileType = archive.ar; includeInIndex = 0; path = libUIAdditions.a; sourceTree = BUILT_PRODUCTS_DIR; };
		FBED7735151D00B600E7A5D1 /* Foundation.framework */ = {isa = PBXFileReference; lastKnownFileType = wrapper.framework; name = Foundation.framework; path = System/Library/Frameworks/Foundation.framework; sourceTree = SDKROOT; };
		FBED7739151D00B600E7A5D1 /* UIAdditions-Prefix.pch */ = {isa = PBXFileReference; lastKnownFileType = sourcecode.c.h; path = "UIAdditions-Prefix.pch"; sourceTree = "<group>"; };
		FBED7747151D020D00E7A5D1 /* CustomBadge.h */ = {isa = PBXFileReference; fileEncoding = 4; lastKnownFileType = sourcecode.c.h; name = CustomBadge.h; path = CustomBadge/Classes/CustomBadge.h; sourceTree = "<group>"; };
		FBED7748151D020D00E7A5D1 /* CustomBadge.m */ = {isa = PBXFileReference; fileEncoding = 4; lastKnownFileType = sourcecode.c.objc; name = CustomBadge.m; path = CustomBadge/Classes/CustomBadge.m; sourceTree = "<group>"; };
		FBED774C151D022900E7A5D1 /* MOButton.h */ = {isa = PBXFileReference; fileEncoding = 4; lastKnownFileType = sourcecode.c.h; name = MOButton.h; path = GlassButtons/MOButton.h; sourceTree = "<group>"; };
		FBED774D151D022900E7A5D1 /* MOButton.m */ = {isa = PBXFileReference; fileEncoding = 4; lastKnownFileType = sourcecode.c.objc; name = MOButton.m; path = GlassButtons/MOButton.m; sourceTree = "<group>"; };
		FBED774E151D022900E7A5D1 /* MOGlassButton.h */ = {isa = PBXFileReference; fileEncoding = 4; lastKnownFileType = sourcecode.c.h; name = MOGlassButton.h; path = GlassButtons/MOGlassButton.h; sourceTree = "<group>"; };
		FBED774F151D022900E7A5D1 /* MOGlassButton.m */ = {isa = PBXFileReference; fileEncoding = 4; lastKnownFileType = sourcecode.c.objc; name = MOGlassButton.m; path = GlassButtons/MOGlassButton.m; sourceTree = "<group>"; };
		FBED7755151D024000E7A5D1 /* iCarousel.h */ = {isa = PBXFileReference; fileEncoding = 4; lastKnownFileType = sourcecode.c.h; name = iCarousel.h; path = iCarousel/iCarousel/iCarousel.h; sourceTree = "<group>"; };
		FBED7756151D024000E7A5D1 /* iCarousel.m */ = {isa = PBXFileReference; fileEncoding = 4; lastKnownFileType = sourcecode.c.objc; name = iCarousel.m; path = iCarousel/iCarousel/iCarousel.m; sourceTree = "<group>"; };
/* End PBXFileReference section */

/* Begin PBXFrameworksBuildPhase section */
		FBED772F151D00B600E7A5D1 /* Frameworks */ = {
			isa = PBXFrameworksBuildPhase;
			buildActionMask = 2147483647;
			files = (
				FBDF976E151D0EA300B93572 /* UIKit.framework in Frameworks */,
				FBED7736151D00B600E7A5D1 /* Foundation.framework in Frameworks */,
			);
			runOnlyForDeploymentPostprocessing = 0;
		};
/* End PBXFrameworksBuildPhase section */

/* Begin PBXGroup section */
		FBED7727151D00B600E7A5D1 = {
			isa = PBXGroup;
			children = (
				FBED7754151D023100E7A5D1 /* iCarousel */,
				FBED774B151D021900E7A5D1 /* GlassButton */,
				FBED7745151D01F300E7A5D1 /* CustomBadge */,
				FBED7737151D00B600E7A5D1 /* UIAdditions */,
				FBED7734151D00B600E7A5D1 /* Frameworks */,
				FBED7733151D00B600E7A5D1 /* Products */,
			);
			sourceTree = "<group>";
		};
		FBED7733151D00B600E7A5D1 /* Products */ = {
			isa = PBXGroup;
			children = (
				FBED7732151D00B600E7A5D1 /* libUIAdditions.a */,
			);
			name = Products;
			sourceTree = "<group>";
		};
		FBED7734151D00B600E7A5D1 /* Frameworks */ = {
			isa = PBXGroup;
			children = (
				FBDF976D151D0EA300B93572 /* UIKit.framework */,
				FBED7735151D00B600E7A5D1 /* Foundation.framework */,
			);
			name = Frameworks;
			sourceTree = "<group>";
		};
		FBED7737151D00B600E7A5D1 /* UIAdditions */ = {
			isa = PBXGroup;
			children = (
				FBED7738151D00B600E7A5D1 /* Supporting Files */,
			);
			path = UIAdditions;
			sourceTree = "<group>";
		};
		FBED7738151D00B600E7A5D1 /* Supporting Files */ = {
			isa = PBXGroup;
			children = (
				FBED7739151D00B600E7A5D1 /* UIAdditions-Prefix.pch */,
			);
			name = "Supporting Files";
			sourceTree = "<group>";
		};
		FBED7745151D01F300E7A5D1 /* CustomBadge */ = {
			isa = PBXGroup;
			children = (
				FBED7747151D020D00E7A5D1 /* CustomBadge.h */,
				FBED7748151D020D00E7A5D1 /* CustomBadge.m */,
			);
			name = CustomBadge;
			sourceTree = "<group>";
		};
		FBED774B151D021900E7A5D1 /* GlassButton */ = {
			isa = PBXGroup;
			children = (
				FBDF9773151D0F4B00B93572 /* MOUtility.h */,
				FBDF9774151D0F4B00B93572 /* MOUtility.m */,
				FBED774C151D022900E7A5D1 /* MOButton.h */,
				FBED774D151D022900E7A5D1 /* MOButton.m */,
				FBED774E151D022900E7A5D1 /* MOGlassButton.h */,
				FBED774F151D022900E7A5D1 /* MOGlassButton.m */,
			);
			name = GlassButton;
			sourceTree = "<group>";
		};
		FBED7754151D023100E7A5D1 /* iCarousel */ = {
			isa = PBXGroup;
			children = (
				FBED7755151D024000E7A5D1 /* iCarousel.h */,
				FBED7756151D024000E7A5D1 /* iCarousel.m */,
			);
			name = iCarousel;
			sourceTree = "<group>";
		};
/* End PBXGroup section */

/* Begin PBXHeadersBuildPhase section */
		FBED7730151D00B600E7A5D1 /* Headers */ = {
			isa = PBXHeadersBuildPhase;
			buildActionMask = 2147483647;
			files = (
				FBED7749151D020D00E7A5D1 /* CustomBadge.h in Headers */,
				FBED7750151D022900E7A5D1 /* MOButton.h in Headers */,
				FBED7752151D022900E7A5D1 /* MOGlassButton.h in Headers */,
				FBED7757151D024000E7A5D1 /* iCarousel.h in Headers */,
				FBDF9775151D0F4B00B93572 /* MOUtility.h in Headers */,
			);
			runOnlyForDeploymentPostprocessing = 0;
		};
/* End PBXHeadersBuildPhase section */

/* Begin PBXNativeTarget section */
		FBED7731151D00B600E7A5D1 /* UIAdditions */ = {
			isa = PBXNativeTarget;
			buildConfigurationList = FBED773F151D00B600E7A5D1 /* Build configuration list for PBXNativeTarget "UIAdditions" */;
			buildPhases = (
				FBED772E151D00B600E7A5D1 /* Sources */,
				FBED772F151D00B600E7A5D1 /* Frameworks */,
				FBED7730151D00B600E7A5D1 /* Headers */,
			);
			buildRules = (
			);
			dependencies = (
			);
			name = UIAdditions;
			productName = UIAdditions;
			productReference = FBED7732151D00B600E7A5D1 /* libUIAdditions.a */;
			productType = "com.apple.product-type.library.static";
		};
/* End PBXNativeTarget section */

/* Begin PBXProject section */
		FBED7729151D00B600E7A5D1 /* Project object */ = {
			isa = PBXProject;
			attributes = {
				LastUpgradeCheck = 0430;
				ORGANIZATIONNAME = "Object Partners Inc.";
			};
			buildConfigurationList = FBED772C151D00B600E7A5D1 /* Build configuration list for PBXProject "UIAdditions" */;
			compatibilityVersion = "Xcode 3.2";
			developmentRegion = English;
			hasScannedForEncodings = 0;
			knownRegions = (
				en,
			);
			mainGroup = FBED7727151D00B600E7A5D1;
			productRefGroup = FBED7733151D00B600E7A5D1 /* Products */;
			projectDirPath = "";
			projectRoot = "";
			targets = (
				FBED7731151D00B600E7A5D1 /* UIAdditions */,
			);
		};
/* End PBXProject section */

/* Begin PBXSourcesBuildPhase section */
		FBED772E151D00B600E7A5D1 /* Sources */ = {
			isa = PBXSourcesBuildPhase;
			buildActionMask = 2147483647;
			files = (
				FBED774A151D020D00E7A5D1 /* CustomBadge.m in Sources */,
				FBED7751151D022900E7A5D1 /* MOButton.m in Sources */,
				FBED7753151D022900E7A5D1 /* MOGlassButton.m in Sources */,
				FBED7758151D024000E7A5D1 /* iCarousel.m in Sources */,
				FBDF9776151D0F4B00B93572 /* MOUtility.m in Sources */,
			);
			runOnlyForDeploymentPostprocessing = 0;
		};
/* End PBXSourcesBuildPhase section */

/* Begin XCBuildConfiguration section */
		FBED773D151D00B600E7A5D1 /* Debug */ = {
			isa = XCBuildConfiguration;
			buildSettings = {
				ALWAYS_SEARCH_USER_PATHS = NO;
				ARCHS = "$(ARCHS_STANDARD_32_BIT)";
				COPY_PHASE_STRIP = NO;
				GCC_C_LANGUAGE_STANDARD = gnu99;
				GCC_DYNAMIC_NO_PIC = NO;
				GCC_OPTIMIZATION_LEVEL = 0;
				GCC_PREPROCESSOR_DEFINITIONS = (
					"DEBUG=1",
					"$(inherited)",
				);
				GCC_SYMBOLS_PRIVATE_EXTERN = NO;
				GCC_VERSION = com.apple.compilers.llvm.clang.1_0;
				GCC_WARN_ABOUT_RETURN_TYPE = YES;
				GCC_WARN_UNINITIALIZED_AUTOS = YES;
				GCC_WARN_UNUSED_VARIABLE = YES;
				IPHONEOS_DEPLOYMENT_TARGET = 5.1;
				SDKROOT = iphoneos;
			};
			name = Debug;
		};
		FBED773E151D00B600E7A5D1 /* Release */ = {
			isa = XCBuildConfiguration;
			buildSettings = {
				ALWAYS_SEARCH_USER_PATHS = NO;
				ARCHS = "$(ARCHS_STANDARD_32_BIT)";
				COPY_PHASE_STRIP = YES;
				GCC_C_LANGUAGE_STANDARD = gnu99;
				GCC_VERSION = com.apple.compilers.llvm.clang.1_0;
				GCC_WARN_ABOUT_RETURN_TYPE = YES;
				GCC_WARN_UNINITIALIZED_AUTOS = YES;
				GCC_WARN_UNUSED_VARIABLE = YES;
				IPHONEOS_DEPLOYMENT_TARGET = 5.1;
				SDKROOT = iphoneos;
				VALIDATE_PRODUCT = YES;
			};
			name = Release;
		};
		FBED7740151D00B600E7A5D1 /* Debug */ = {
			isa = XCBuildConfiguration;
			buildSettings = {
				DSTROOT = /tmp/UIAdditions.dst;
				GCC_PRECOMPILE_PREFIX_HEADER = YES;
				GCC_PREFIX_HEADER = "UIAdditions/UIAdditions-Prefix.pch";
				OTHER_LDFLAGS = "-ObjC";
				PRODUCT_NAME = "$(TARGET_NAME)";
				SKIP_INSTALL = YES;
			};
			name = Debug;
		};
		FBED7741151D00B600E7A5D1 /* Release */ = {
			isa = XCBuildConfiguration;
			buildSettings = {
				DSTROOT = /tmp/UIAdditions.dst;
				GCC_PRECOMPILE_PREFIX_HEADER = YES;
				GCC_PREFIX_HEADER = "UIAdditions/UIAdditions-Prefix.pch";
				OTHER_LDFLAGS = "-ObjC";
				PRODUCT_NAME = "$(TARGET_NAME)";
				SKIP_INSTALL = YES;
			};
			name = Release;
		};
/* End XCBuildConfiguration section */

/* Begin XCConfigurationList section */
		FBED772C151D00B600E7A5D1 /* Build configuration list for PBXProject "UIAdditions" */ = {
			isa = XCConfigurationList;
			buildConfigurations = (
				FBED773D151D00B600E7A5D1 /* Debug */,
				FBED773E151D00B600E7A5D1 /* Release */,
			);
			defaultConfigurationIsVisible = 0;
			defaultConfigurationName = Release;
		};
		FBED773F151D00B600E7A5D1 /* Build configuration list for PBXNativeTarget "UIAdditions" */ = {
			isa = XCConfigurationList;
			buildConfigurations = (
				FBED7740151D00B600E7A5D1 /* Debug */,
				FBED7741151D00B600E7A5D1 /* Release */,
			);
			defaultConfigurationIsVisible = 0;
			defaultConfigurationName = Release;
		};
/* End XCConfigurationList section */
	};
	rootObject = FBED7729151D00B600E7A5D1 /* Project object */;
}
